
Microsoft Visual Studio Solution File, Format Version 12.00
# Visual Studio Version 16
VisualStudioVersion = 16.0.32228.343
MinimumVisualStudioVersion = 10.0.40219.1
Project("{FAE04EC0-301F-11D3-BF4B-00C04F79EFBC}") = "ServeIngestionClientPortal", "ServeIngestionClientPortal\ServeIngestionClientPortal.csproj", "{50DD079C-3274-4DB3-865D-07F8CFD7E5AD}"
EndProject
Global
	GlobalSection(SolutionConfigurationPlatforms) = preSolution
		Debug|Any CPU = Debug|Any CPU
		Release|Any CPU = Release|Any CPU
	EndGlobalSection
	GlobalSection(ProjectConfigurationPlatforms) = postSolution
		{50DD079C-3274-4DB3-865D-07F8CFD7E5AD}.Debug|Any CPU.ActiveCfg = Debug|Any CPU
		{50DD079C-3274-4DB3-865D-07F8CFD7E5AD}.Debug|Any CPU.Build.0 = Debug|Any CPU
		{50DD079C-3274-4DB3-865D-07F8CFD7E5AD}.Release|Any CPU.ActiveCfg = Release|Any CPU
		{50DD079C-3274-4DB3-865D-07F8CFD7E5AD}.Release|Any CPU.Build.0 = Release|Any CPU
	EndGlobalSection
	GlobalSection(SolutionProperties) = preSolution
		HideSolutionNode = FALSE
	EndGlobalSection
	GlobalSection(ExtensibilityGlobals) = postSolution
		SolutionGuid = {5E808336-F586-4E70-90F4-CC2946B23AD7}
	EndGlobalSection
EndGlobal
